
Microsoft Visual Studio Solution File, Format Version 12.00
# Visual Studio Version 16
VisualStudioVersion = 16.0.29001.49
MinimumVisualStudioVersion = 10.0.40219.1
Project("{9A19103F-16F7-4668-BE54-9A1E7A4F7556}") = "Unleash", "src\Unleash\Unleash.csproj", "{4CF2127B-8FC8-46FC-8614-3918148463A5}"
EndProject
Project("{2150E333-8FDC-42A3-9474-1A3956D46DE8}") = "samples", "samples", "{9326EDD7-F842-4D01-880D-250102C0D689}"
EndProject
Project("{2150E333-8FDC-42A3-9474-1A3956D46DE8}") = ".docs", ".docs", "{F098FC57-35D3-4289-8040-B11161E2AB0D}"
	ProjectSection(SolutionItems) = preProject
		.\.gitignore = .\.gitignore
		.\appveyor.yml = .\appveyor.yml
		.\build.cake = .\build.cake
		.\CHANGELOG.md = .\CHANGELOG.md
		.\README.md = .\README.md
	EndProjectSection
EndProject
Project("{2150E333-8FDC-42A3-9474-1A3956D46DE8}") = "src", "src", "{29C4317B-9580-4E56-ACE0-06D3E74269D1}"
EndProject
Project("{2150E333-8FDC-42A3-9474-1A3956D46DE8}") = "tests", "tests", "{A703F9CB-157F-4166-B81D-27779B586DCB}"
EndProject
Project("{FAE04EC0-301F-11D3-BF4B-00C04F79EFBC}") = "Unleash.Tests.DotNetCore2_2", "tests\Unleash.Tests.DotNetCore2_2\Unleash.Tests.DotNetCore2_2.csproj", "{BA3AEB34-2E6F-4431-AD21-C7DB683C67B8}"
EndProject
Project("{FAE04EC0-301F-11D3-BF4B-00C04F79EFBC}") = "Unleash.Extensions.DependencyInjection", "src\Unleash.Extensions.DependencyInjection\Unleash.Extensions.DependencyInjection.csproj", "{98C31D93-E1C1-426B-A776-56B37DD91916}"
EndProject
Project("{FAE04EC0-301F-11D3-BF4B-00C04F79EFBC}") = "Unleash.Extensions.Caching", "src\Unleash.Extensions.Caching\Unleash.Extensions.Caching.csproj", "{B47FFCE0-8CC1-4D4E-B473-836E75EB99B2}"
EndProject
Project("{FAE04EC0-301F-11D3-BF4B-00C04F79EFBC}") = "Unleash.Extensions.Http", "src\Unleash.Extensions.Http\Unleash.Extensions.Http.csproj", "{64FDAA5C-3DBF-4FE1-82CA-7E932FA2D511}"
EndProject
Project("{FAE04EC0-301F-11D3-BF4B-00C04F79EFBC}") = "Unleash.Extensions.Hosting.WebHost", "src\Unleash.Extensions.Hosting.WebHost\Unleash.Extensions.Hosting.WebHost.csproj", "{9CD125C2-940D-4B36-B679-06C095212544}"
EndProject
Project("{FAE04EC0-301F-11D3-BF4B-00C04F79EFBC}") = "Unleash.Extensions.Hosting.GenericHost", "src\Unleash.Extensions.Hosting.GenericHost\Unleash.Extensions.Hosting.GenericHost.csproj", "{521E2B60-78D6-4889-95C4-D95D395FC35C}"
EndProject
Project("{FAE04EC0-301F-11D3-BF4B-00C04F79EFBC}") = "Unleash.Core.Tests", "tests\Unleash.Core.Tests\Unleash.Core.Tests.csproj", "{BD80477B-A62E-4432-985D-460A427672A9}"
EndProject
Project("{FAE04EC0-301F-11D3-BF4B-00C04F79EFBC}") = "Unleash.Extensions.Hosting.GenericHost.Tests", "tests\Unleash.Extensions.Hosting.GenericHost.Tests\Unleash.Extensions.Hosting.GenericHost.Tests.csproj", "{422FA5CB-2059-4842-8D5E-93FCF413CD21}"
EndProject
Project("{FAE04EC0-301F-11D3-BF4B-00C04F79EFBC}") = "Unleash.Extensions.Hosting.WebHost.Tests", "tests\Unleash.Extensions.Hosting.WebHost.Tests\Unleash.Extensions.Hosting.WebHost.Tests.csproj", "{352C3F36-C998-4FB8-B5A2-04FF33E18FE1}"
EndProject
Project("{FAE04EC0-301F-11D3-BF4B-00C04F79EFBC}") = "Unleash.Extensions.Caching.Tests", "tests\Unleash.Extensions.Caching.Tests\Unleash.Extensions.Caching.Tests.csproj", "{F097C682-1567-43C4-8402-C8294EDCE87E}"
EndProject
Project("{FAE04EC0-301F-11D3-BF4B-00C04F79EFBC}") = "Unleash.Extensions.DependencyInjection.Tests", "tests\Unleash.Extensions.DependencyInjection.Tests\Unleash.Extensions.DependencyInjection.Tests.csproj", "{58E09FCD-1328-4095-839C-FF3D0CFACEE2}"
EndProject
Project("{FAE04EC0-301F-11D3-BF4B-00C04F79EFBC}") = "Unleash.Extensions.Http.Tests", "tests\Unleash.Extensions.Http.Tests\Unleash.Extensions.Http.Tests.csproj", "{A346721C-5CD1-430A-9AD9-8E0D8C1B0D24}"
EndProject
Project("{FAE04EC0-301F-11D3-BF4B-00C04F79EFBC}") = "Unleash.Tests.Integration", "tests\Unleash.Tests.Integration\Unleash.Tests.Integration.csproj", "{760A2519-AAF1-4B7D-8606-05617122273B}"
EndProject
Project("{FAE04EC0-301F-11D3-BF4B-00C04F79EFBC}") = "Unleash.Tests.DotNetCore3_0", "tests\Unleash.Tests.DotNetCore3_0\Unleash.Tests.DotNetCore3_0.csproj", "{DA0B28EC-8BCA-4A92-B0C2-8D6B8A0E5CFC}"
EndProject
Project("{FAE04EC0-301F-11D3-BF4B-00C04F79EFBC}") = "Unleash.Tests.DotNetCore.Common", "tests\Unleash.Tests.DotNetCore.Common\Unleash.Tests.DotNetCore.Common.csproj", "{11659EC1-2434-4D80-850E-9A9F392E9D9F}"
EndProject
Project("{FAE04EC0-301F-11D3-BF4B-00C04F79EFBC}") = "Unleash.Tests.DotNetCore2_1", "tests\Unleash.Tests.DotNetCore2_1\Unleash.Tests.DotNetCore2_1.csproj", "{6E57508D-2C4F-4644-B78E-772FECEF5466}"
EndProject
Project("{FAE04EC0-301F-11D3-BF4B-00C04F79EFBC}") = "Unleash.Tests.AspNetCore.Common", "tests\Unleash.Tests.AspNetCore.Common\Unleash.Tests.AspNetCore.Common.csproj", "{9FE06A12-3EDE-4831-99EB-540D085EDFAF}"
EndProject
Project("{FAE04EC0-301F-11D3-BF4B-00C04F79EFBC}") = "Unleash.Tests.AspNetCore2_1", "tests\Unleash.Tests.AspNetCore2_1\Unleash.Tests.AspNetCore2_1.csproj", "{336E491B-1AE1-4231-9338-BE8CC4B9DB54}"
EndProject
Project("{FAE04EC0-301F-11D3-BF4B-00C04F79EFBC}") = "Unleash.Tests.AspNetCore2_2", "tests\Unleash.Tests.AspNetCore2_2\Unleash.Tests.AspNetCore2_2.csproj", "{E324B7B7-4063-4389-B336-D9566E231348}"
EndProject
Project("{FAE04EC0-301F-11D3-BF4B-00C04F79EFBC}") = "Unleash.Tests.AspNetCore3_0", "tests\Unleash.Tests.AspNetCore3_0\Unleash.Tests.AspNetCore3_0.csproj", "{E5750468-8DCE-4C02-9FD1-E896A206BCC3}"
EndProject
Project("{FAE04EC0-301F-11D3-BF4B-00C04F79EFBC}") = "Sample.AspNetCore2_1", "samples\Sample.AspNetCore2_1\Sample.AspNetCore2_1.csproj", "{76A702AE-CC47-47B8-96C4-125F205021EF}"
EndProject
Project("{FAE04EC0-301F-11D3-BF4B-00C04F79EFBC}") = "Sample.AspNetCore2_2", "samples\Sample.AspNetCore2_2\Sample.AspNetCore2_2.csproj", "{78C9136B-0771-4F88-ACCA-C55253BF7502}"
EndProject
Project("{FAE04EC0-301F-11D3-BF4B-00C04F79EFBC}") = "Sample.AspNetCore3_0", "samples\Sample.AspNetCore3_0\Sample.AspNetCore3_0.csproj", "{EEDF7669-388A-4088-906B-0276EE4006F8}"
EndProject
Project("{FAE04EC0-301F-11D3-BF4B-00C04F79EFBC}") = "Sample.GenericHost2_1", "samples\Sample.GenericHost2_1\Sample.GenericHost2_1.csproj", "{A61B9504-CD7B-4E25-B7CC-ECB66F8688D5}"
EndProject
Project("{FAE04EC0-301F-11D3-BF4B-00C04F79EFBC}") = "Sample.GenericHost2_2", "samples\Sample.GenericHost2_2\Sample.GenericHost2_2.csproj", "{128CB040-141E-4103-A6CC-8D5258A50EB1}"
EndProject
Project("{FAE04EC0-301F-11D3-BF4B-00C04F79EFBC}") = "Sample.GenericHost3_0", "samples\Sample.GenericHost3_0\Sample.GenericHost3_0.csproj", "{1234BAB3-EC59-45B0-9317-C3A177D37D25}"
EndProject
Project("{FAE04EC0-301F-11D3-BF4B-00C04F79EFBC}") = "Sample.Console", "samples\Sample.Console\Sample.Console.csproj", "{3A712016-A7A6-4412-910C-A3E640F2DB53}"
EndProject
Project("{FAE04EC0-301F-11D3-BF4B-00C04F79EFBC}") = "Sample.Console.DependencyInjection", "samples\Sample.Console.DependencyInjection\Sample.Console.DependencyInjection.csproj", "{B3BE752F-CA4A-4B65-8419-5C6F7DC8AABD}"
EndProject
Project("{FAE04EC0-301F-11D3-BF4B-00C04F79EFBC}") = "Sample.GenericHost.Common", "samples\Sample.GenericHost.Common\Sample.GenericHost.Common.csproj", "{5AD30860-CE38-4247-9071-C37DA8FA2347}"
EndProject
Project("{FAE04EC0-301F-11D3-BF4B-00C04F79EFBC}") = "Sample.AspNetCore.Common", "samples\Sample.AspNetCore.Common\Sample.AspNetCore.Common.csproj", "{A627E11E-1BB7-4ED8-AE5C-C116DD9438E2}"
EndProject
Global
	GlobalSection(SolutionConfigurationPlatforms) = preSolution
		Debug|Any CPU = Debug|Any CPU
		Release|Any CPU = Release|Any CPU
	EndGlobalSection
	GlobalSection(ProjectConfigurationPlatforms) = postSolution
		{4CF2127B-8FC8-46FC-8614-3918148463A5}.Debug|Any CPU.ActiveCfg = Debug|Any CPU
		{4CF2127B-8FC8-46FC-8614-3918148463A5}.Debug|Any CPU.Build.0 = Debug|Any CPU
		{4CF2127B-8FC8-46FC-8614-3918148463A5}.Release|Any CPU.ActiveCfg = Release|Any CPU
		{4CF2127B-8FC8-46FC-8614-3918148463A5}.Release|Any CPU.Build.0 = Release|Any CPU
		{BA3AEB34-2E6F-4431-AD21-C7DB683C67B8}.Debug|Any CPU.ActiveCfg = Debug|Any CPU
		{BA3AEB34-2E6F-4431-AD21-C7DB683C67B8}.Debug|Any CPU.Build.0 = Debug|Any CPU
		{BA3AEB34-2E6F-4431-AD21-C7DB683C67B8}.Release|Any CPU.ActiveCfg = Release|Any CPU
		{BA3AEB34-2E6F-4431-AD21-C7DB683C67B8}.Release|Any CPU.Build.0 = Release|Any CPU
		{98C31D93-E1C1-426B-A776-56B37DD91916}.Debug|Any CPU.ActiveCfg = Debug|Any CPU
		{98C31D93-E1C1-426B-A776-56B37DD91916}.Debug|Any CPU.Build.0 = Debug|Any CPU
		{98C31D93-E1C1-426B-A776-56B37DD91916}.Release|Any CPU.ActiveCfg = Release|Any CPU
		{98C31D93-E1C1-426B-A776-56B37DD91916}.Release|Any CPU.Build.0 = Release|Any CPU
		{B47FFCE0-8CC1-4D4E-B473-836E75EB99B2}.Debug|Any CPU.ActiveCfg = Debug|Any CPU
		{B47FFCE0-8CC1-4D4E-B473-836E75EB99B2}.Debug|Any CPU.Build.0 = Debug|Any CPU
		{B47FFCE0-8CC1-4D4E-B473-836E75EB99B2}.Release|Any CPU.ActiveCfg = Release|Any CPU
		{B47FFCE0-8CC1-4D4E-B473-836E75EB99B2}.Release|Any CPU.Build.0 = Release|Any CPU
		{64FDAA5C-3DBF-4FE1-82CA-7E932FA2D511}.Debug|Any CPU.ActiveCfg = Debug|Any CPU
		{64FDAA5C-3DBF-4FE1-82CA-7E932FA2D511}.Debug|Any CPU.Build.0 = Debug|Any CPU
		{64FDAA5C-3DBF-4FE1-82CA-7E932FA2D511}.Release|Any CPU.ActiveCfg = Release|Any CPU
		{64FDAA5C-3DBF-4FE1-82CA-7E932FA2D511}.Release|Any CPU.Build.0 = Release|Any CPU
		{9CD125C2-940D-4B36-B679-06C095212544}.Debug|Any CPU.ActiveCfg = Debug|Any CPU
		{9CD125C2-940D-4B36-B679-06C095212544}.Debug|Any CPU.Build.0 = Debug|Any CPU
		{9CD125C2-940D-4B36-B679-06C095212544}.Release|Any CPU.ActiveCfg = Release|Any CPU
		{9CD125C2-940D-4B36-B679-06C095212544}.Release|Any CPU.Build.0 = Release|Any CPU
		{521E2B60-78D6-4889-95C4-D95D395FC35C}.Debug|Any CPU.ActiveCfg = Debug|Any CPU
		{521E2B60-78D6-4889-95C4-D95D395FC35C}.Debug|Any CPU.Build.0 = Debug|Any CPU
		{521E2B60-78D6-4889-95C4-D95D395FC35C}.Release|Any CPU.ActiveCfg = Release|Any CPU
		{521E2B60-78D6-4889-95C4-D95D395FC35C}.Release|Any CPU.Build.0 = Release|Any CPU
		{BD80477B-A62E-4432-985D-460A427672A9}.Debug|Any CPU.ActiveCfg = Debug|Any CPU
		{BD80477B-A62E-4432-985D-460A427672A9}.Debug|Any CPU.Build.0 = Debug|Any CPU
		{BD80477B-A62E-4432-985D-460A427672A9}.Release|Any CPU.ActiveCfg = Release|Any CPU
		{BD80477B-A62E-4432-985D-460A427672A9}.Release|Any CPU.Build.0 = Release|Any CPU
		{422FA5CB-2059-4842-8D5E-93FCF413CD21}.Debug|Any CPU.ActiveCfg = Debug|Any CPU
		{422FA5CB-2059-4842-8D5E-93FCF413CD21}.Debug|Any CPU.Build.0 = Debug|Any CPU
		{422FA5CB-2059-4842-8D5E-93FCF413CD21}.Release|Any CPU.ActiveCfg = Release|Any CPU
		{422FA5CB-2059-4842-8D5E-93FCF413CD21}.Release|Any CPU.Build.0 = Release|Any CPU
		{352C3F36-C998-4FB8-B5A2-04FF33E18FE1}.Debug|Any CPU.ActiveCfg = Debug|Any CPU
		{352C3F36-C998-4FB8-B5A2-04FF33E18FE1}.Debug|Any CPU.Build.0 = Debug|Any CPU
		{352C3F36-C998-4FB8-B5A2-04FF33E18FE1}.Release|Any CPU.ActiveCfg = Release|Any CPU
		{352C3F36-C998-4FB8-B5A2-04FF33E18FE1}.Release|Any CPU.Build.0 = Release|Any CPU
		{F097C682-1567-43C4-8402-C8294EDCE87E}.Debug|Any CPU.ActiveCfg = Debug|Any CPU
		{F097C682-1567-43C4-8402-C8294EDCE87E}.Debug|Any CPU.Build.0 = Debug|Any CPU
		{F097C682-1567-43C4-8402-C8294EDCE87E}.Release|Any CPU.ActiveCfg = Release|Any CPU
		{F097C682-1567-43C4-8402-C8294EDCE87E}.Release|Any CPU.Build.0 = Release|Any CPU
		{58E09FCD-1328-4095-839C-FF3D0CFACEE2}.Debug|Any CPU.ActiveCfg = Debug|Any CPU
		{58E09FCD-1328-4095-839C-FF3D0CFACEE2}.Debug|Any CPU.Build.0 = Debug|Any CPU
		{58E09FCD-1328-4095-839C-FF3D0CFACEE2}.Release|Any CPU.ActiveCfg = Release|Any CPU
		{58E09FCD-1328-4095-839C-FF3D0CFACEE2}.Release|Any CPU.Build.0 = Release|Any CPU
		{A346721C-5CD1-430A-9AD9-8E0D8C1B0D24}.Debug|Any CPU.ActiveCfg = Debug|Any CPU
		{A346721C-5CD1-430A-9AD9-8E0D8C1B0D24}.Debug|Any CPU.Build.0 = Debug|Any CPU
		{A346721C-5CD1-430A-9AD9-8E0D8C1B0D24}.Release|Any CPU.ActiveCfg = Release|Any CPU
		{A346721C-5CD1-430A-9AD9-8E0D8C1B0D24}.Release|Any CPU.Build.0 = Release|Any CPU
		{760A2519-AAF1-4B7D-8606-05617122273B}.Debug|Any CPU.ActiveCfg = Debug|Any CPU
		{760A2519-AAF1-4B7D-8606-05617122273B}.Debug|Any CPU.Build.0 = Debug|Any CPU
		{760A2519-AAF1-4B7D-8606-05617122273B}.Release|Any CPU.ActiveCfg = Release|Any CPU
		{760A2519-AAF1-4B7D-8606-05617122273B}.Release|Any CPU.Build.0 = Release|Any CPU
		{DA0B28EC-8BCA-4A92-B0C2-8D6B8A0E5CFC}.Debug|Any CPU.ActiveCfg = Debug|Any CPU
		{DA0B28EC-8BCA-4A92-B0C2-8D6B8A0E5CFC}.Debug|Any CPU.Build.0 = Debug|Any CPU
		{DA0B28EC-8BCA-4A92-B0C2-8D6B8A0E5CFC}.Release|Any CPU.ActiveCfg = Release|Any CPU
		{DA0B28EC-8BCA-4A92-B0C2-8D6B8A0E5CFC}.Release|Any CPU.Build.0 = Release|Any CPU
		{11659EC1-2434-4D80-850E-9A9F392E9D9F}.Debug|Any CPU.ActiveCfg = Debug|Any CPU
		{11659EC1-2434-4D80-850E-9A9F392E9D9F}.Debug|Any CPU.Build.0 = Debug|Any CPU
		{11659EC1-2434-4D80-850E-9A9F392E9D9F}.Release|Any CPU.ActiveCfg = Release|Any CPU
		{11659EC1-2434-4D80-850E-9A9F392E9D9F}.Release|Any CPU.Build.0 = Release|Any CPU
		{6E57508D-2C4F-4644-B78E-772FECEF5466}.Debug|Any CPU.ActiveCfg = Debug|Any CPU
		{6E57508D-2C4F-4644-B78E-772FECEF5466}.Debug|Any CPU.Build.0 = Debug|Any CPU
		{6E57508D-2C4F-4644-B78E-772FECEF5466}.Release|Any CPU.ActiveCfg = Release|Any CPU
		{6E57508D-2C4F-4644-B78E-772FECEF5466}.Release|Any CPU.Build.0 = Release|Any CPU
		{9FE06A12-3EDE-4831-99EB-540D085EDFAF}.Debug|Any CPU.ActiveCfg = Debug|Any CPU
		{9FE06A12-3EDE-4831-99EB-540D085EDFAF}.Debug|Any CPU.Build.0 = Debug|Any CPU
		{9FE06A12-3EDE-4831-99EB-540D085EDFAF}.Release|Any CPU.ActiveCfg = Release|Any CPU
		{9FE06A12-3EDE-4831-99EB-540D085EDFAF}.Release|Any CPU.Build.0 = Release|Any CPU
		{336E491B-1AE1-4231-9338-BE8CC4B9DB54}.Debug|Any CPU.ActiveCfg = Debug|Any CPU
		{336E491B-1AE1-4231-9338-BE8CC4B9DB54}.Debug|Any CPU.Build.0 = Debug|Any CPU
		{336E491B-1AE1-4231-9338-BE8CC4B9DB54}.Release|Any CPU.ActiveCfg = Release|Any CPU
		{336E491B-1AE1-4231-9338-BE8CC4B9DB54}.Release|Any CPU.Build.0 = Release|Any CPU
		{E324B7B7-4063-4389-B336-D9566E231348}.Debug|Any CPU.ActiveCfg = Debug|Any CPU
		{E324B7B7-4063-4389-B336-D9566E231348}.Debug|Any CPU.Build.0 = Debug|Any CPU
		{E324B7B7-4063-4389-B336-D9566E231348}.Release|Any CPU.ActiveCfg = Release|Any CPU
		{E324B7B7-4063-4389-B336-D9566E231348}.Release|Any CPU.Build.0 = Release|Any CPU
		{E5750468-8DCE-4C02-9FD1-E896A206BCC3}.Debug|Any CPU.ActiveCfg = Debug|Any CPU
		{E5750468-8DCE-4C02-9FD1-E896A206BCC3}.Debug|Any CPU.Build.0 = Debug|Any CPU
		{E5750468-8DCE-4C02-9FD1-E896A206BCC3}.Release|Any CPU.ActiveCfg = Release|Any CPU
		{E5750468-8DCE-4C02-9FD1-E896A206BCC3}.Release|Any CPU.Build.0 = Release|Any CPU
		{76A702AE-CC47-47B8-96C4-125F205021EF}.Debug|Any CPU.ActiveCfg = Debug|Any CPU
		{76A702AE-CC47-47B8-96C4-125F205021EF}.Debug|Any CPU.Build.0 = Debug|Any CPU
		{76A702AE-CC47-47B8-96C4-125F205021EF}.Release|Any CPU.ActiveCfg = Release|Any CPU
		{76A702AE-CC47-47B8-96C4-125F205021EF}.Release|Any CPU.Build.0 = Release|Any CPU
		{78C9136B-0771-4F88-ACCA-C55253BF7502}.Debug|Any CPU.ActiveCfg = Debug|Any CPU
		{78C9136B-0771-4F88-ACCA-C55253BF7502}.Debug|Any CPU.Build.0 = Debug|Any CPU
		{78C9136B-0771-4F88-ACCA-C55253BF7502}.Release|Any CPU.ActiveCfg = Release|Any CPU
		{78C9136B-0771-4F88-ACCA-C55253BF7502}.Release|Any CPU.Build.0 = Release|Any CPU
		{EEDF7669-388A-4088-906B-0276EE4006F8}.Debug|Any CPU.ActiveCfg = Debug|Any CPU
		{EEDF7669-388A-4088-906B-0276EE4006F8}.Debug|Any CPU.Build.0 = Debug|Any CPU
		{EEDF7669-388A-4088-906B-0276EE4006F8}.Release|Any CPU.ActiveCfg = Release|Any CPU
		{EEDF7669-388A-4088-906B-0276EE4006F8}.Release|Any CPU.Build.0 = Release|Any CPU
		{A61B9504-CD7B-4E25-B7CC-ECB66F8688D5}.Debug|Any CPU.ActiveCfg = Debug|Any CPU
		{A61B9504-CD7B-4E25-B7CC-ECB66F8688D5}.Debug|Any CPU.Build.0 = Debug|Any CPU
		{A61B9504-CD7B-4E25-B7CC-ECB66F8688D5}.Release|Any CPU.ActiveCfg = Release|Any CPU
		{A61B9504-CD7B-4E25-B7CC-ECB66F8688D5}.Release|Any CPU.Build.0 = Release|Any CPU
		{128CB040-141E-4103-A6CC-8D5258A50EB1}.Debug|Any CPU.ActiveCfg = Debug|Any CPU
		{128CB040-141E-4103-A6CC-8D5258A50EB1}.Debug|Any CPU.Build.0 = Debug|Any CPU
		{128CB040-141E-4103-A6CC-8D5258A50EB1}.Release|Any CPU.ActiveCfg = Release|Any CPU
		{128CB040-141E-4103-A6CC-8D5258A50EB1}.Release|Any CPU.Build.0 = Release|Any CPU
		{1234BAB3-EC59-45B0-9317-C3A177D37D25}.Debug|Any CPU.ActiveCfg = Debug|Any CPU
		{1234BAB3-EC59-45B0-9317-C3A177D37D25}.Debug|Any CPU.Build.0 = Debug|Any CPU
		{1234BAB3-EC59-45B0-9317-C3A177D37D25}.Release|Any CPU.ActiveCfg = Release|Any CPU
		{1234BAB3-EC59-45B0-9317-C3A177D37D25}.Release|Any CPU.Build.0 = Release|Any CPU
		{3A712016-A7A6-4412-910C-A3E640F2DB53}.Debug|Any CPU.ActiveCfg = Debug|Any CPU
		{3A712016-A7A6-4412-910C-A3E640F2DB53}.Debug|Any CPU.Build.0 = Debug|Any CPU
		{3A712016-A7A6-4412-910C-A3E640F2DB53}.Release|Any CPU.ActiveCfg = Release|Any CPU
		{3A712016-A7A6-4412-910C-A3E640F2DB53}.Release|Any CPU.Build.0 = Release|Any CPU
		{B3BE752F-CA4A-4B65-8419-5C6F7DC8AABD}.Debug|Any CPU.ActiveCfg = Debug|Any CPU
		{B3BE752F-CA4A-4B65-8419-5C6F7DC8AABD}.Debug|Any CPU.Build.0 = Debug|Any CPU
		{B3BE752F-CA4A-4B65-8419-5C6F7DC8AABD}.Release|Any CPU.ActiveCfg = Release|Any CPU
		{B3BE752F-CA4A-4B65-8419-5C6F7DC8AABD}.Release|Any CPU.Build.0 = Release|Any CPU
		{5AD30860-CE38-4247-9071-C37DA8FA2347}.Debug|Any CPU.ActiveCfg = Debug|Any CPU
		{5AD30860-CE38-4247-9071-C37DA8FA2347}.Debug|Any CPU.Build.0 = Debug|Any CPU
		{5AD30860-CE38-4247-9071-C37DA8FA2347}.Release|Any CPU.ActiveCfg = Release|Any CPU
		{5AD30860-CE38-4247-9071-C37DA8FA2347}.Release|Any CPU.Build.0 = Release|Any CPU
		{A627E11E-1BB7-4ED8-AE5C-C116DD9438E2}.Debug|Any CPU.ActiveCfg = Debug|Any CPU
		{A627E11E-1BB7-4ED8-AE5C-C116DD9438E2}.Debug|Any CPU.Build.0 = Debug|Any CPU
		{A627E11E-1BB7-4ED8-AE5C-C116DD9438E2}.Release|Any CPU.ActiveCfg = Release|Any CPU
		{A627E11E-1BB7-4ED8-AE5C-C116DD9438E2}.Release|Any CPU.Build.0 = Release|Any CPU
	EndGlobalSection
	GlobalSection(SolutionProperties) = preSolution
		HideSolutionNode = FALSE
	EndGlobalSection
	GlobalSection(NestedProjects) = preSolution
		{4CF2127B-8FC8-46FC-8614-3918148463A5} = {29C4317B-9580-4E56-ACE0-06D3E74269D1}
		{BA3AEB34-2E6F-4431-AD21-C7DB683C67B8} = {A703F9CB-157F-4166-B81D-27779B586DCB}
		{98C31D93-E1C1-426B-A776-56B37DD91916} = {29C4317B-9580-4E56-ACE0-06D3E74269D1}
		{B47FFCE0-8CC1-4D4E-B473-836E75EB99B2} = {29C4317B-9580-4E56-ACE0-06D3E74269D1}
		{64FDAA5C-3DBF-4FE1-82CA-7E932FA2D511} = {29C4317B-9580-4E56-ACE0-06D3E74269D1}
		{9CD125C2-940D-4B36-B679-06C095212544} = {29C4317B-9580-4E56-ACE0-06D3E74269D1}
		{521E2B60-78D6-4889-95C4-D95D395FC35C} = {29C4317B-9580-4E56-ACE0-06D3E74269D1}
		{BD80477B-A62E-4432-985D-460A427672A9} = {A703F9CB-157F-4166-B81D-27779B586DCB}
		{422FA5CB-2059-4842-8D5E-93FCF413CD21} = {A703F9CB-157F-4166-B81D-27779B586DCB}
		{352C3F36-C998-4FB8-B5A2-04FF33E18FE1} = {A703F9CB-157F-4166-B81D-27779B586DCB}
		{F097C682-1567-43C4-8402-C8294EDCE87E} = {A703F9CB-157F-4166-B81D-27779B586DCB}
		{58E09FCD-1328-4095-839C-FF3D0CFACEE2} = {A703F9CB-157F-4166-B81D-27779B586DCB}
		{A346721C-5CD1-430A-9AD9-8E0D8C1B0D24} = {A703F9CB-157F-4166-B81D-27779B586DCB}
		{760A2519-AAF1-4B7D-8606-05617122273B} = {A703F9CB-157F-4166-B81D-27779B586DCB}
		{DA0B28EC-8BCA-4A92-B0C2-8D6B8A0E5CFC} = {A703F9CB-157F-4166-B81D-27779B586DCB}
		{11659EC1-2434-4D80-850E-9A9F392E9D9F} = {A703F9CB-157F-4166-B81D-27779B586DCB}
		{6E57508D-2C4F-4644-B78E-772FECEF5466} = {A703F9CB-157F-4166-B81D-27779B586DCB}
		{9FE06A12-3EDE-4831-99EB-540D085EDFAF} = {A703F9CB-157F-4166-B81D-27779B586DCB}
		{336E491B-1AE1-4231-9338-BE8CC4B9DB54} = {A703F9CB-157F-4166-B81D-27779B586DCB}
		{E324B7B7-4063-4389-B336-D9566E231348} = {A703F9CB-157F-4166-B81D-27779B586DCB}
		{E5750468-8DCE-4C02-9FD1-E896A206BCC3} = {A703F9CB-157F-4166-B81D-27779B586DCB}
		{76A702AE-CC47-47B8-96C4-125F205021EF} = {9326EDD7-F842-4D01-880D-250102C0D689}
		{78C9136B-0771-4F88-ACCA-C55253BF7502} = {9326EDD7-F842-4D01-880D-250102C0D689}
		{EEDF7669-388A-4088-906B-0276EE4006F8} = {9326EDD7-F842-4D01-880D-250102C0D689}
		{A61B9504-CD7B-4E25-B7CC-ECB66F8688D5} = {9326EDD7-F842-4D01-880D-250102C0D689}
		{128CB040-141E-4103-A6CC-8D5258A50EB1} = {9326EDD7-F842-4D01-880D-250102C0D689}
		{1234BAB3-EC59-45B0-9317-C3A177D37D25} = {9326EDD7-F842-4D01-880D-250102C0D689}
		{3A712016-A7A6-4412-910C-A3E640F2DB53} = {9326EDD7-F842-4D01-880D-250102C0D689}
		{B3BE752F-CA4A-4B65-8419-5C6F7DC8AABD} = {9326EDD7-F842-4D01-880D-250102C0D689}
		{5AD30860-CE38-4247-9071-C37DA8FA2347} = {9326EDD7-F842-4D01-880D-250102C0D689}
		{A627E11E-1BB7-4ED8-AE5C-C116DD9438E2} = {9326EDD7-F842-4D01-880D-250102C0D689}
	EndGlobalSection
	GlobalSection(ExtensibilityGlobals) = postSolution
		SolutionGuid = {C8777E71-3209-4072-B7D9-466A4F5C7A75}
	EndGlobalSection
	GlobalSection(Performance) = preSolution
		HasPerformanceSessions = true
	EndGlobalSection
EndGlobal
