
Microsoft Visual Studio Solution File, Format Version 12.00
# Visual Studio Version 16
VisualStudioVersion = 16.0.29001.49
MinimumVisualStudioVersion = 10.0.40219.1
Project("{9A19103F-16F7-4668-BE54-9A1E7A4F7556}") = "Unleash", "src\Unleash\Unleash.csproj", "{4CF2127B-8FC8-46FC-8614-3918148463A5}"
EndProject
Project("{FAE04EC0-301F-11D3-BF4B-00C04F79EFBC}") = "Unleash.Tests", "tests\Unleash.Tests\Unleash.Tests.csproj", "{FF268018-34C4-45EB-937E-2E0AB25EEEDA}"
EndProject
Project("{2150E333-8FDC-42A3-9474-1A3956D46DE8}") = "samples", "samples", "{9326EDD7-F842-4D01-880D-250102C0D689}"
EndProject
Project("{FAE04EC0-301F-11D3-BF4B-00C04F79EFBC}") = "WebApp", "samples\WebApp\WebApp.csproj", "{E719FE03-4F57-45B5-916A-8E844E90B95C}"
EndProject
Project("{FAE04EC0-301F-11D3-BF4B-00C04F79EFBC}") = "WinFormsApp", "samples\WinFormsApp\WinFormsApp.csproj", "{7A73D92C-B746-48F6-BF60-C69382141C2D}"
EndProject
Project("{9A19103F-16F7-4668-BE54-9A1E7A4F7556}") = "WebAppCore", "samples\WebAppCore\WebAppCore.csproj", "{8F8EFAF2-7747-4C1F-A473-4E3248B3B9F6}"
EndProject
Project("{2150E333-8FDC-42A3-9474-1A3956D46DE8}") = ".docs", ".docs", "{F098FC57-35D3-4289-8040-B11161E2AB0D}"
	ProjectSection(SolutionItems) = preProject
		.\.gitignore = .\.gitignore
		.\appveyor.yml = .\appveyor.yml
		.\build.cake = .\build.cake
		.\CHANGELOG.md = .\CHANGELOG.md
		.\README.md = .\README.md
	EndProjectSection
EndProject
Project("{FAE04EC0-301F-11D3-BF4B-00C04F79EFBC}") = "Unleash.Tests.Benchmarks", "tests\Unleash.Tests.Benchmarks\Unleash.Tests.Benchmarks.csproj", "{7FFC30AE-A8AF-4A60-9279-D29FE668B0F6}"
EndProject
Project("{FAE04EC0-301F-11D3-BF4B-00C04F79EFBC}") = "WebApplication", "samples\WebApplication\WebApplication.csproj", "{961F50B2-3297-4C07-8E9E-5B4BB110B5B2}"
EndProject
Project("{2150E333-8FDC-42A3-9474-1A3956D46DE8}") = "src", "src", "{29C4317B-9580-4E56-ACE0-06D3E74269D1}"
EndProject
Project("{2150E333-8FDC-42A3-9474-1A3956D46DE8}") = "tests", "tests", "{A703F9CB-157F-4166-B81D-27779B586DCB}"
EndProject
Global
	GlobalSection(SolutionConfigurationPlatforms) = preSolution
		Debug|Any CPU = Debug|Any CPU
		Release|Any CPU = Release|Any CPU
	EndGlobalSection
	GlobalSection(ProjectConfigurationPlatforms) = postSolution
		{4CF2127B-8FC8-46FC-8614-3918148463A5}.Debug|Any CPU.ActiveCfg = Debug|Any CPU
		{4CF2127B-8FC8-46FC-8614-3918148463A5}.Debug|Any CPU.Build.0 = Debug|Any CPU
		{4CF2127B-8FC8-46FC-8614-3918148463A5}.Release|Any CPU.ActiveCfg = Release|Any CPU
		{4CF2127B-8FC8-46FC-8614-3918148463A5}.Release|Any CPU.Build.0 = Release|Any CPU
		{FF268018-34C4-45EB-937E-2E0AB25EEEDA}.Debug|Any CPU.ActiveCfg = Debug|Any CPU
		{FF268018-34C4-45EB-937E-2E0AB25EEEDA}.Debug|Any CPU.Build.0 = Debug|Any CPU
		{FF268018-34C4-45EB-937E-2E0AB25EEEDA}.Release|Any CPU.ActiveCfg = Release|Any CPU
		{FF268018-34C4-45EB-937E-2E0AB25EEEDA}.Release|Any CPU.Build.0 = Release|Any CPU
		{E719FE03-4F57-45B5-916A-8E844E90B95C}.Debug|Any CPU.ActiveCfg = Debug|Any CPU
		{E719FE03-4F57-45B5-916A-8E844E90B95C}.Debug|Any CPU.Build.0 = Debug|Any CPU
		{E719FE03-4F57-45B5-916A-8E844E90B95C}.Release|Any CPU.ActiveCfg = Release|Any CPU
		{E719FE03-4F57-45B5-916A-8E844E90B95C}.Release|Any CPU.Build.0 = Release|Any CPU
		{7A73D92C-B746-48F6-BF60-C69382141C2D}.Debug|Any CPU.ActiveCfg = Debug|Any CPU
		{7A73D92C-B746-48F6-BF60-C69382141C2D}.Debug|Any CPU.Build.0 = Debug|Any CPU
		{7A73D92C-B746-48F6-BF60-C69382141C2D}.Release|Any CPU.ActiveCfg = Release|Any CPU
		{7A73D92C-B746-48F6-BF60-C69382141C2D}.Release|Any CPU.Build.0 = Release|Any CPU
		{8F8EFAF2-7747-4C1F-A473-4E3248B3B9F6}.Debug|Any CPU.ActiveCfg = Debug|Any CPU
		{8F8EFAF2-7747-4C1F-A473-4E3248B3B9F6}.Debug|Any CPU.Build.0 = Debug|Any CPU
		{8F8EFAF2-7747-4C1F-A473-4E3248B3B9F6}.Release|Any CPU.ActiveCfg = Release|Any CPU
		{8F8EFAF2-7747-4C1F-A473-4E3248B3B9F6}.Release|Any CPU.Build.0 = Release|Any CPU
		{7FFC30AE-A8AF-4A60-9279-D29FE668B0F6}.Debug|Any CPU.ActiveCfg = Debug|Any CPU
		{7FFC30AE-A8AF-4A60-9279-D29FE668B0F6}.Debug|Any CPU.Build.0 = Debug|Any CPU
		{7FFC30AE-A8AF-4A60-9279-D29FE668B0F6}.Release|Any CPU.ActiveCfg = Release|Any CPU
		{7FFC30AE-A8AF-4A60-9279-D29FE668B0F6}.Release|Any CPU.Build.0 = Release|Any CPU
		{961F50B2-3297-4C07-8E9E-5B4BB110B5B2}.Debug|Any CPU.ActiveCfg = Debug|Any CPU
		{961F50B2-3297-4C07-8E9E-5B4BB110B5B2}.Debug|Any CPU.Build.0 = Debug|Any CPU
		{961F50B2-3297-4C07-8E9E-5B4BB110B5B2}.Release|Any CPU.ActiveCfg = Release|Any CPU
		{961F50B2-3297-4C07-8E9E-5B4BB110B5B2}.Release|Any CPU.Build.0 = Release|Any CPU
	EndGlobalSection
	GlobalSection(SolutionProperties) = preSolution
		HideSolutionNode = FALSE
	EndGlobalSection
	GlobalSection(NestedProjects) = preSolution
		{E719FE03-4F57-45B5-916A-8E844E90B95C} = {9326EDD7-F842-4D01-880D-250102C0D689}
		{7A73D92C-B746-48F6-BF60-C69382141C2D} = {9326EDD7-F842-4D01-880D-250102C0D689}
		{8F8EFAF2-7747-4C1F-A473-4E3248B3B9F6} = {9326EDD7-F842-4D01-880D-250102C0D689}
		{961F50B2-3297-4C07-8E9E-5B4BB110B5B2} = {9326EDD7-F842-4D01-880D-250102C0D689}
		{4CF2127B-8FC8-46FC-8614-3918148463A5} = {29C4317B-9580-4E56-ACE0-06D3E74269D1}
		{FF268018-34C4-45EB-937E-2E0AB25EEEDA} = {A703F9CB-157F-4166-B81D-27779B586DCB}
		{7FFC30AE-A8AF-4A60-9279-D29FE668B0F6} = {A703F9CB-157F-4166-B81D-27779B586DCB}
	EndGlobalSection
	GlobalSection(ExtensibilityGlobals) = postSolution
		SolutionGuid = {C8777E71-3209-4072-B7D9-466A4F5C7A75}
	EndGlobalSection
	GlobalSection(Performance) = preSolution
		HasPerformanceSessions = true
	EndGlobalSection
EndGlobal
