
Microsoft Visual Studio Solution File, Format Version 12.00
# Visual Studio 15
VisualStudioVersion = 15.0.27004.2009
MinimumVisualStudioVersion = 10.0.40219.1
Project("{9A19103F-16F7-4668-BE54-9A1E7A4F7556}") = "Unleash", "Unleash\Unleash.csproj", "{4CF2127B-8FC8-46FC-8614-3918148463A5}"
EndProject
Project("{FAE04EC0-301F-11D3-BF4B-00C04F79EFBC}") = "Unleash.Tests", "Unleash.Tests\Unleash.Tests.csproj", "{FF268018-34C4-45EB-937E-2E0AB25EEEDA}"
EndProject
Project("{2150E333-8FDC-42A3-9474-1A3956D46DE8}") = "samples", "samples", "{9326EDD7-F842-4D01-880D-250102C0D689}"
EndProject
Project("{FAE04EC0-301F-11D3-BF4B-00C04F79EFBC}") = "WebApp", "samples\WebApp\WebApp.csproj", "{E719FE03-4F57-45B5-916A-8E844E90B95C}"
EndProject
Project("{FAE04EC0-301F-11D3-BF4B-00C04F79EFBC}") = "WinFormsApp", "samples\WinFormsApp\WinFormsApp.csproj", "{7A73D92C-B746-48F6-BF60-C69382141C2D}"
EndProject
Global
	GlobalSection(Performance) = preSolution
		HasPerformanceSessions = true
	EndGlobalSection
	GlobalSection(SolutionConfigurationPlatforms) = preSolution
		Debug|Any CPU = Debug|Any CPU
		Release|Any CPU = Release|Any CPU
	EndGlobalSection
	GlobalSection(ProjectConfigurationPlatforms) = postSolution
		{4CF2127B-8FC8-46FC-8614-3918148463A5}.Debug|Any CPU.ActiveCfg = Debug|Any CPU
		{4CF2127B-8FC8-46FC-8614-3918148463A5}.Debug|Any CPU.Build.0 = Debug|Any CPU
		{4CF2127B-8FC8-46FC-8614-3918148463A5}.Release|Any CPU.ActiveCfg = Release|Any CPU
		{4CF2127B-8FC8-46FC-8614-3918148463A5}.Release|Any CPU.Build.0 = Release|Any CPU
		{FF268018-34C4-45EB-937E-2E0AB25EEEDA}.Debug|Any CPU.ActiveCfg = Debug|Any CPU
		{FF268018-34C4-45EB-937E-2E0AB25EEEDA}.Debug|Any CPU.Build.0 = Debug|Any CPU
		{FF268018-34C4-45EB-937E-2E0AB25EEEDA}.Release|Any CPU.ActiveCfg = Release|Any CPU
		{FF268018-34C4-45EB-937E-2E0AB25EEEDA}.Release|Any CPU.Build.0 = Release|Any CPU
		{E719FE03-4F57-45B5-916A-8E844E90B95C}.Debug|Any CPU.ActiveCfg = Debug|Any CPU
		{E719FE03-4F57-45B5-916A-8E844E90B95C}.Debug|Any CPU.Build.0 = Debug|Any CPU
		{E719FE03-4F57-45B5-916A-8E844E90B95C}.Release|Any CPU.ActiveCfg = Release|Any CPU
		{E719FE03-4F57-45B5-916A-8E844E90B95C}.Release|Any CPU.Build.0 = Release|Any CPU
		{7A73D92C-B746-48F6-BF60-C69382141C2D}.Debug|Any CPU.ActiveCfg = Debug|Any CPU
		{7A73D92C-B746-48F6-BF60-C69382141C2D}.Debug|Any CPU.Build.0 = Debug|Any CPU
		{7A73D92C-B746-48F6-BF60-C69382141C2D}.Release|Any CPU.ActiveCfg = Release|Any CPU
		{7A73D92C-B746-48F6-BF60-C69382141C2D}.Release|Any CPU.Build.0 = Release|Any CPU
	EndGlobalSection
	GlobalSection(SolutionProperties) = preSolution
		HideSolutionNode = FALSE
	EndGlobalSection
	GlobalSection(NestedProjects) = preSolution
		{E719FE03-4F57-45B5-916A-8E844E90B95C} = {9326EDD7-F842-4D01-880D-250102C0D689}
		{7A73D92C-B746-48F6-BF60-C69382141C2D} = {9326EDD7-F842-4D01-880D-250102C0D689}
	EndGlobalSection
	GlobalSection(ExtensibilityGlobals) = postSolution
		SolutionGuid = {C8777E71-3209-4072-B7D9-466A4F5C7A75}
	EndGlobalSection
EndGlobal
